
Microsoft Visual Studio Solution File, Format Version 12.00
# Visual Studio 15
VisualStudioVersion = 15.0.28307.329
MinimumVisualStudioVersion = 10.0.40219.1
Project("{2150E333-8FDC-42A3-9474-1A3956D46DE8}") = "_Clients", "_Clients", "{1719CE0D-7DDD-428F-B7EE-201EA1BC0C42}"
EndProject
Project("{FAE04EC0-301F-11D3-BF4B-00C04F79EFBC}") = "Backend", "Backend\Backend.csproj", "{EF710E48-A4BC-48CB-848A-2FCB958143CA}"
EndProject
Project("{2150E333-8FDC-42A3-9474-1A3956D46DE8}") = "Data", "Data", "{4760D059-E8FC-400C-9EF8-A3BBF47C7D37}"
EndProject
Project("{FAE04EC0-301F-11D3-BF4B-00C04F79EFBC}") = "Domain", "Domain\Domain.csproj", "{185BB972-98E7-46DA-B387-29B58FA93DB7}"
EndProject
Project("{FAE04EC0-301F-11D3-BF4B-00C04F79EFBC}") = "Back", "Back\Back.csproj", "{C41A7BFD-E202-43E7-9BF5-0FA6F83B7BC6}"
EndProject
Global
	GlobalSection(SolutionConfigurationPlatforms) = preSolution
		Debug|Any CPU = Debug|Any CPU
		Release|Any CPU = Release|Any CPU
	EndGlobalSection
	GlobalSection(ProjectConfigurationPlatforms) = postSolution
		{EF710E48-A4BC-48CB-848A-2FCB958143CA}.Debug|Any CPU.ActiveCfg = Debug|Any CPU
		{EF710E48-A4BC-48CB-848A-2FCB958143CA}.Debug|Any CPU.Build.0 = Debug|Any CPU
		{EF710E48-A4BC-48CB-848A-2FCB958143CA}.Release|Any CPU.ActiveCfg = Release|Any CPU
		{EF710E48-A4BC-48CB-848A-2FCB958143CA}.Release|Any CPU.Build.0 = Release|Any CPU
		{185BB972-98E7-46DA-B387-29B58FA93DB7}.Debug|Any CPU.ActiveCfg = Debug|Any CPU
		{185BB972-98E7-46DA-B387-29B58FA93DB7}.Debug|Any CPU.Build.0 = Debug|Any CPU
		{185BB972-98E7-46DA-B387-29B58FA93DB7}.Release|Any CPU.ActiveCfg = Release|Any CPU
		{185BB972-98E7-46DA-B387-29B58FA93DB7}.Release|Any CPU.Build.0 = Release|Any CPU
		{C41A7BFD-E202-43E7-9BF5-0FA6F83B7BC6}.Debug|Any CPU.ActiveCfg = Debug|Any CPU
		{C41A7BFD-E202-43E7-9BF5-0FA6F83B7BC6}.Debug|Any CPU.Build.0 = Debug|Any CPU
		{C41A7BFD-E202-43E7-9BF5-0FA6F83B7BC6}.Release|Any CPU.ActiveCfg = Release|Any CPU
		{C41A7BFD-E202-43E7-9BF5-0FA6F83B7BC6}.Release|Any CPU.Build.0 = Release|Any CPU
	EndGlobalSection
	GlobalSection(SolutionProperties) = preSolution
		HideSolutionNode = FALSE
	EndGlobalSection
	GlobalSection(NestedProjects) = preSolution
		{EF710E48-A4BC-48CB-848A-2FCB958143CA} = {1719CE0D-7DDD-428F-B7EE-201EA1BC0C42}
		{185BB972-98E7-46DA-B387-29B58FA93DB7} = {4760D059-E8FC-400C-9EF8-A3BBF47C7D37}
		{C41A7BFD-E202-43E7-9BF5-0FA6F83B7BC6} = {1719CE0D-7DDD-428F-B7EE-201EA1BC0C42}
	EndGlobalSection
	GlobalSection(ExtensibilityGlobals) = postSolution
		SolutionGuid = {144DD6F3-97D7-4D11-8218-E68E78EC5F42}
	EndGlobalSection
EndGlobal
