
Microsoft Visual Studio Solution File, Format Version 12.00
# Visual Studio 15
VisualStudioVersion = 15.0.28307.168
MinimumVisualStudioVersion = 10.0.40219.1
Project("{2150E333-8FDC-42A3-9474-1A3956D46DE8}") = "_Client", "_Client", "{208310BB-01F4-4594-8469-A128B1952BA2}"
EndProject
Project("{2150E333-8FDC-42A3-9474-1A3956D46DE8}") = "API", "API", "{CB3ED698-322C-4E50-B518-A112DB0A1713}"
EndProject
Project("{2150E333-8FDC-42A3-9474-1A3956D46DE8}") = "Common", "Common", "{85209C35-C36F-4FD5-AE0A-D05C9618EA93}"
EndProject
Project("{2150E333-8FDC-42A3-9474-1A3956D46DE8}") = "Persistence", "Persistence", "{243AD66A-FBF4-4080-A187-5520A502AA8A}"
EndProject
Project("{2150E333-8FDC-42A3-9474-1A3956D46DE8}") = "Service", "Service", "{2845566E-EB73-4D1F-8402-BA20149139FD}"
EndProject
Project("{FAE04EC0-301F-11D3-BF4B-00C04F79EFBC}") = "Wimym.Api", "Wimym.Api\Wimym.Api.csproj", "{054F76B5-69D8-4E23-A394-523F33789831}"
EndProject
Project("{FAE04EC0-301F-11D3-BF4B-00C04F79EFBC}") = "Wimym.Frontend", "Wimym.Frontend\Wimym.Frontend.csproj", "{A288DA6D-BE32-4AF2-8B4C-B573AC1C9ED2}"
EndProject
Project("{FAE04EC0-301F-11D3-BF4B-00C04F79EFBC}") = "Wimym.Common", "Wimym.Common\Wimym.Common.csproj", "{7372ED07-2D68-4C9E-B034-BC69571C1BF3}"
EndProject
Project("{FAE04EC0-301F-11D3-BF4B-00C04F79EFBC}") = "Wimym.Model", "Wimym.Model\Wimym.Model.csproj", "{74C0B35B-4CBD-48A3-A8E5-4B55461AE9D8}"
EndProject
Project("{FAE04EC0-301F-11D3-BF4B-00C04F79EFBC}") = "Wimym.Services", "Wimym.Services\Wimym.Services.csproj", "{82821E7E-2EC0-4C5A-ADC7-FF2B3CEAFF6E}"
EndProject
Project("{FAE04EC0-301F-11D3-BF4B-00C04F79EFBC}") = "Wimym.DatabaseContext", "Wimym.DatabaseContext\Wimym.DatabaseContext.csproj", "{CCDC2F3A-F1E0-48D6-9BE3-CCA7E60216F0}"
EndProject
Project("{FAE04EC0-301F-11D3-BF4B-00C04F79EFBC}") = "Auth", "Auth\Auth.csproj", "{0F2B384D-5869-4AAA-B162-F967E27CFEB2}"
EndProject
Global
	GlobalSection(SolutionConfigurationPlatforms) = preSolution
		Debug|Any CPU = Debug|Any CPU
		Release|Any CPU = Release|Any CPU
	EndGlobalSection
	GlobalSection(ProjectConfigurationPlatforms) = postSolution
		{054F76B5-69D8-4E23-A394-523F33789831}.Debug|Any CPU.ActiveCfg = Debug|Any CPU
		{054F76B5-69D8-4E23-A394-523F33789831}.Debug|Any CPU.Build.0 = Debug|Any CPU
		{054F76B5-69D8-4E23-A394-523F33789831}.Release|Any CPU.ActiveCfg = Release|Any CPU
		{054F76B5-69D8-4E23-A394-523F33789831}.Release|Any CPU.Build.0 = Release|Any CPU
		{A288DA6D-BE32-4AF2-8B4C-B573AC1C9ED2}.Debug|Any CPU.ActiveCfg = Debug|Any CPU
		{A288DA6D-BE32-4AF2-8B4C-B573AC1C9ED2}.Debug|Any CPU.Build.0 = Debug|Any CPU
		{A288DA6D-BE32-4AF2-8B4C-B573AC1C9ED2}.Release|Any CPU.ActiveCfg = Release|Any CPU
		{A288DA6D-BE32-4AF2-8B4C-B573AC1C9ED2}.Release|Any CPU.Build.0 = Release|Any CPU
		{7372ED07-2D68-4C9E-B034-BC69571C1BF3}.Debug|Any CPU.ActiveCfg = Debug|Any CPU
		{7372ED07-2D68-4C9E-B034-BC69571C1BF3}.Debug|Any CPU.Build.0 = Debug|Any CPU
		{7372ED07-2D68-4C9E-B034-BC69571C1BF3}.Release|Any CPU.ActiveCfg = Release|Any CPU
		{7372ED07-2D68-4C9E-B034-BC69571C1BF3}.Release|Any CPU.Build.0 = Release|Any CPU
		{74C0B35B-4CBD-48A3-A8E5-4B55461AE9D8}.Debug|Any CPU.ActiveCfg = Debug|Any CPU
		{74C0B35B-4CBD-48A3-A8E5-4B55461AE9D8}.Debug|Any CPU.Build.0 = Debug|Any CPU
		{74C0B35B-4CBD-48A3-A8E5-4B55461AE9D8}.Release|Any CPU.ActiveCfg = Release|Any CPU
		{74C0B35B-4CBD-48A3-A8E5-4B55461AE9D8}.Release|Any CPU.Build.0 = Release|Any CPU
		{82821E7E-2EC0-4C5A-ADC7-FF2B3CEAFF6E}.Debug|Any CPU.ActiveCfg = Debug|Any CPU
		{82821E7E-2EC0-4C5A-ADC7-FF2B3CEAFF6E}.Debug|Any CPU.Build.0 = Debug|Any CPU
		{82821E7E-2EC0-4C5A-ADC7-FF2B3CEAFF6E}.Release|Any CPU.ActiveCfg = Release|Any CPU
		{82821E7E-2EC0-4C5A-ADC7-FF2B3CEAFF6E}.Release|Any CPU.Build.0 = Release|Any CPU
		{CCDC2F3A-F1E0-48D6-9BE3-CCA7E60216F0}.Debug|Any CPU.ActiveCfg = Debug|Any CPU
		{CCDC2F3A-F1E0-48D6-9BE3-CCA7E60216F0}.Debug|Any CPU.Build.0 = Debug|Any CPU
		{CCDC2F3A-F1E0-48D6-9BE3-CCA7E60216F0}.Release|Any CPU.ActiveCfg = Release|Any CPU
		{CCDC2F3A-F1E0-48D6-9BE3-CCA7E60216F0}.Release|Any CPU.Build.0 = Release|Any CPU
		{0F2B384D-5869-4AAA-B162-F967E27CFEB2}.Debug|Any CPU.ActiveCfg = Debug|Any CPU
		{0F2B384D-5869-4AAA-B162-F967E27CFEB2}.Debug|Any CPU.Build.0 = Debug|Any CPU
		{0F2B384D-5869-4AAA-B162-F967E27CFEB2}.Release|Any CPU.ActiveCfg = Release|Any CPU
		{0F2B384D-5869-4AAA-B162-F967E27CFEB2}.Release|Any CPU.Build.0 = Release|Any CPU
	EndGlobalSection
	GlobalSection(SolutionProperties) = preSolution
		HideSolutionNode = FALSE
	EndGlobalSection
	GlobalSection(NestedProjects) = preSolution
		{054F76B5-69D8-4E23-A394-523F33789831} = {CB3ED698-322C-4E50-B518-A112DB0A1713}
		{A288DA6D-BE32-4AF2-8B4C-B573AC1C9ED2} = {208310BB-01F4-4594-8469-A128B1952BA2}
		{7372ED07-2D68-4C9E-B034-BC69571C1BF3} = {85209C35-C36F-4FD5-AE0A-D05C9618EA93}
		{74C0B35B-4CBD-48A3-A8E5-4B55461AE9D8} = {85209C35-C36F-4FD5-AE0A-D05C9618EA93}
		{82821E7E-2EC0-4C5A-ADC7-FF2B3CEAFF6E} = {2845566E-EB73-4D1F-8402-BA20149139FD}
		{CCDC2F3A-F1E0-48D6-9BE3-CCA7E60216F0} = {243AD66A-FBF4-4080-A187-5520A502AA8A}
		{0F2B384D-5869-4AAA-B162-F967E27CFEB2} = {CB3ED698-322C-4E50-B518-A112DB0A1713}
	EndGlobalSection
	GlobalSection(ExtensibilityGlobals) = postSolution
		SolutionGuid = {BB08AB24-CC1D-4CD7-807D-0D2812A83BD4}
	EndGlobalSection
EndGlobal
